
Microsoft Visual Studio Solution File, Format Version 12.00
# Visual Studio Version 17
VisualStudioVersion = 17.8.34316.72
MinimumVisualStudioVersion = 10.0.40219.1
Project("{8BC9CEB8-8B4A-11D0-8D11-00A0C91BC942}") = "SeqList", "SeqList\SeqList.vcxproj", "{C7E38D40-33B6-4774-A741-8B7EF6FD50DC}"
EndProject
Global
	GlobalSection(SolutionConfigurationPlatforms) = preSolution
		Debug|x64 = Debug|x64
		Debug|x86 = Debug|x86
		Release|x64 = Release|x64
		Release|x86 = Release|x86
	EndGlobalSection
	GlobalSection(ProjectConfigurationPlatforms) = postSolution
		{C7E38D40-33B6-4774-A741-8B7EF6FD50DC}.Debug|x64.ActiveCfg = Debug|x64
		{C7E38D40-33B6-4774-A741-8B7EF6FD50DC}.Debug|x64.Build.0 = Debug|x64
		{C7E38D40-33B6-4774-A741-8B7EF6FD50DC}.Debug|x86.ActiveCfg = Debug|Win32
		{C7E38D40-33B6-4774-A741-8B7EF6FD50DC}.Debug|x86.Build.0 = Debug|Win32
		{C7E38D40-33B6-4774-A741-8B7EF6FD50DC}.Release|x64.ActiveCfg = Release|x64
		{C7E38D40-33B6-4774-A741-8B7EF6FD50DC}.Release|x64.Build.0 = Release|x64
		{C7E38D40-33B6-4774-A741-8B7EF6FD50DC}.Release|x86.ActiveCfg = Release|Win32
		{C7E38D40-33B6-4774-A741-8B7EF6FD50DC}.Release|x86.Build.0 = Release|Win32
	EndGlobalSection
	GlobalSection(SolutionProperties) = preSolution
		HideSolutionNode = FALSE
	EndGlobalSection
	GlobalSection(ExtensibilityGlobals) = postSolution
		SolutionGuid = {0B002393-2F9F-4739-97B6-4BE38FA1FEBB}
	EndGlobalSection
EndGlobal
